
Microsoft Visual Studio Solution File, Format Version 12.00
# Visual Studio Version 17
VisualStudioVersion = 17.0.31903.59
MinimumVisualStudioVersion = 10.0.40219.1
Project("{FAE04EC0-301F-11D3-BF4B-00C04F79EFBC}") = "BadmintonHub", "BadmintonHub\BadmintonHub.csproj", "{6C9ED19A-0294-43E0-A585-6E2E328764D7}"
EndProject
Project("{FAE04EC0-301F-11D3-BF4B-00C04F79EFBC}") = "BadmintonHub.Tests", "BadmintonHub.Tests\BadmintonHub.Tests.csproj", "{A33A6109-4F89-4612-94F9-B7ACFAF97240}"
EndProject
Global
	GlobalSection(SolutionConfigurationPlatforms) = preSolution
		Debug|Any CPU = Debug|Any CPU
		Debug|x64 = Debug|x64
		Debug|x86 = Debug|x86
		Release|Any CPU = Release|Any CPU
		Release|x64 = Release|x64
		Release|x86 = Release|x86
	EndGlobalSection
	GlobalSection(ProjectConfigurationPlatforms) = postSolution
		{6C9ED19A-0294-43E0-A585-6E2E328764D7}.Debug|Any CPU.ActiveCfg = Debug|Any CPU
		{6C9ED19A-0294-43E0-A585-6E2E328764D7}.Debug|Any CPU.Build.0 = Debug|Any CPU
		{6C9ED19A-0294-43E0-A585-6E2E328764D7}.Debug|x64.ActiveCfg = Debug|Any CPU
		{6C9ED19A-0294-43E0-A585-6E2E328764D7}.Debug|x64.Build.0 = Debug|Any CPU
		{6C9ED19A-0294-43E0-A585-6E2E328764D7}.Debug|x86.ActiveCfg = Debug|Any CPU
		{6C9ED19A-0294-43E0-A585-6E2E328764D7}.Debug|x86.Build.0 = Debug|Any CPU
		{6C9ED19A-0294-43E0-A585-6E2E328764D7}.Release|Any CPU.ActiveCfg = Release|Any CPU
		{6C9ED19A-0294-43E0-A585-6E2E328764D7}.Release|Any CPU.Build.0 = Release|Any CPU
		{6C9ED19A-0294-43E0-A585-6E2E328764D7}.Release|x64.ActiveCfg = Release|Any CPU
		{6C9ED19A-0294-43E0-A585-6E2E328764D7}.Release|x64.Build.0 = Release|Any CPU
		{6C9ED19A-0294-43E0-A585-6E2E328764D7}.Release|x86.ActiveCfg = Release|Any CPU
		{6C9ED19A-0294-43E0-A585-6E2E328764D7}.Release|x86.Build.0 = Release|Any CPU
		{A33A6109-4F89-4612-94F9-B7ACFAF97240}.Debug|Any CPU.ActiveCfg = Debug|Any CPU
		{A33A6109-4F89-4612-94F9-B7ACFAF97240}.Debug|Any CPU.Build.0 = Debug|Any CPU
		{A33A6109-4F89-4612-94F9-B7ACFAF97240}.Debug|x64.ActiveCfg = Debug|Any CPU
		{A33A6109-4F89-4612-94F9-B7ACFAF97240}.Debug|x64.Build.0 = Debug|Any CPU
		{A33A6109-4F89-4612-94F9-B7ACFAF97240}.Debug|x86.ActiveCfg = Debug|Any CPU
		{A33A6109-4F89-4612-94F9-B7ACFAF97240}.Debug|x86.Build.0 = Debug|Any CPU
		{A33A6109-4F89-4612-94F9-B7ACFAF97240}.Release|Any CPU.ActiveCfg = Release|Any CPU
		{A33A6109-4F89-4612-94F9-B7ACFAF97240}.Release|Any CPU.Build.0 = Release|Any CPU
		{A33A6109-4F89-4612-94F9-B7ACFAF97240}.Release|x64.ActiveCfg = Release|Any CPU
		{A33A6109-4F89-4612-94F9-B7ACFAF97240}.Release|x64.Build.0 = Release|Any CPU
		{A33A6109-4F89-4612-94F9-B7ACFAF97240}.Release|x86.ActiveCfg = Release|Any CPU
		{A33A6109-4F89-4612-94F9-B7ACFAF97240}.Release|x86.Build.0 = Release|Any CPU
	EndGlobalSection
	GlobalSection(SolutionProperties) = preSolution
		HideSolutionNode = FALSE
	EndGlobalSection
EndGlobal
